
Microsoft Visual Studio Solution File, Format Version 12.00
# Visual Studio Version 17
VisualStudioVersion = 17.6.33723.286
MinimumVisualStudioVersion = 10.0.40219.1
Project("{8BC9CEB8-8B4A-11D0-8D11-00A0C91BC942}") = "Task 1", "Task 1.vcxproj", "{5340C2B4-5942-4E63-8459-16C43BF3E24A}"
EndProject
Global
	GlobalSection(SolutionConfigurationPlatforms) = preSolution
		Debug|x64 = Debug|x64
		Debug|x86 = Debug|x86
		Release|x64 = Release|x64
		Release|x86 = Release|x86
	EndGlobalSection
	GlobalSection(ProjectConfigurationPlatforms) = postSolution
		{5340C2B4-5942-4E63-8459-16C43BF3E24A}.Debug|x64.ActiveCfg = Debug|x64
		{5340C2B4-5942-4E63-8459-16C43BF3E24A}.Debug|x64.Build.0 = Debug|x64
		{5340C2B4-5942-4E63-8459-16C43BF3E24A}.Debug|x86.ActiveCfg = Debug|Win32
		{5340C2B4-5942-4E63-8459-16C43BF3E24A}.Debug|x86.Build.0 = Debug|Win32
		{5340C2B4-5942-4E63-8459-16C43BF3E24A}.Release|x64.ActiveCfg = Release|x64
		{5340C2B4-5942-4E63-8459-16C43BF3E24A}.Release|x64.Build.0 = Release|x64
		{5340C2B4-5942-4E63-8459-16C43BF3E24A}.Release|x86.ActiveCfg = Release|Win32
		{5340C2B4-5942-4E63-8459-16C43BF3E24A}.Release|x86.Build.0 = Release|Win32
	EndGlobalSection
	GlobalSection(SolutionProperties) = preSolution
		HideSolutionNode = FALSE
	EndGlobalSection
	GlobalSection(ExtensibilityGlobals) = postSolution
		SolutionGuid = {D260D00F-77E5-4B96-AD49-AC3F310D5FFB}
	EndGlobalSection
EndGlobal
