
Microsoft Visual Studio Solution File, Format Version 12.00
# Visual Studio Version 17
VisualStudioVersion = 17.6.33723.286
MinimumVisualStudioVersion = 10.0.40219.1
Project("{8BC9CEB8-8B4A-11D0-8D11-00A0C91BC942}") = "Task 1", "Task 1.vcxproj", "{BB17D941-3CFA-415E-9954-ED48D719C9FE}"
EndProject
Global
	GlobalSection(SolutionConfigurationPlatforms) = preSolution
		Debug|x64 = Debug|x64
		Debug|x86 = Debug|x86
		Release|x64 = Release|x64
		Release|x86 = Release|x86
	EndGlobalSection
	GlobalSection(ProjectConfigurationPlatforms) = postSolution
		{BB17D941-3CFA-415E-9954-ED48D719C9FE}.Debug|x64.ActiveCfg = Debug|x64
		{BB17D941-3CFA-415E-9954-ED48D719C9FE}.Debug|x64.Build.0 = Debug|x64
		{BB17D941-3CFA-415E-9954-ED48D719C9FE}.Debug|x86.ActiveCfg = Debug|Win32
		{BB17D941-3CFA-415E-9954-ED48D719C9FE}.Debug|x86.Build.0 = Debug|Win32
		{BB17D941-3CFA-415E-9954-ED48D719C9FE}.Release|x64.ActiveCfg = Release|x64
		{BB17D941-3CFA-415E-9954-ED48D719C9FE}.Release|x64.Build.0 = Release|x64
		{BB17D941-3CFA-415E-9954-ED48D719C9FE}.Release|x86.ActiveCfg = Release|Win32
		{BB17D941-3CFA-415E-9954-ED48D719C9FE}.Release|x86.Build.0 = Release|Win32
	EndGlobalSection
	GlobalSection(SolutionProperties) = preSolution
		HideSolutionNode = FALSE
	EndGlobalSection
	GlobalSection(ExtensibilityGlobals) = postSolution
		SolutionGuid = {EF3BE557-0ADD-4159-B537-A74C371A2EA9}
	EndGlobalSection
EndGlobal
