<?xml version="1.0" encoding="utf-8"?>
<Project ToolsVersion="17.0" xmlns="http://schemas.microsoft.com/developer/msbuild/2003">
  <ItemGroup>
    <ClCompile Include="C:\Users\Nekit_PC\Desktop\C++\netology\advanced programing\Lesson 2\Task 1\Catch2\src\catch2\internal\catch_main.cpp">
      <Filter>Source Files</Filter>
    </ClCompile>
  </ItemGroup>
  <ItemGroup>
    <CustomBuild Include="C:\Users\Nekit_PC\Desktop\C++\netology\advanced programing\Lesson 2\Task 1\Catch2\src\CMakeLists.txt" />
  </ItemGroup>
  <ItemGroup>
    <Filter Include="Source Files">
      <UniqueIdentifier>{D68B66D1-6BCB-3414-98F3-21AFD0AD29AF}</UniqueIdentifier>
    </Filter>
  </ItemGroup>
</Project>
